// !$*UTF8*$!
{
	archiveVersion = 1;
	classes = {
	};
	objectVersion = 56;
	objects = {

/* Begin PBXBuildFile section */
		235530F52BD37735004A794C /* ViewController.swift in Sources */ = {isa = PBXBuildFile; fileRef = 235530F42BD37735004A794C /* ViewController.swift */; };
		235530F72BD39951004A794C /* ProductCell.swift in Sources */ = {isa = PBXBuildFile; fileRef = 235530F62BD39951004A794C /* ProductCell.swift */; };
		23742F812BCE62E100BAF803 /* LoginViewController.swift in Sources */ = {isa = PBXBuildFile; fileRef = 23742F802BCE62E100BAF803 /* LoginViewController.swift */; };
		23767EF42BD71D2900F14354 /* Product.swift in Sources */ = {isa = PBXBuildFile; fileRef = 23767EF32BD71D2900F14354 /* Product.swift */; };
		23767EF72BD777CF00F14354 /* Nuke in Frameworks */ = {isa = PBXBuildFile; productRef = 23767EF62BD777CF00F14354 /* Nuke */; };
		23767EF92BD78C6400F14354 /* DetailViewController.swift in Sources */ = {isa = PBXBuildFile; fileRef = 23767EF82BD78C6400F14354 /* DetailViewController.swift */; };
		23FE102E2BCE3A4A00EAAED1 /* AppDelegate.swift in Sources */ = {isa = PBXBuildFile; fileRef = 23FE102D2BCE3A4A00EAAED1 /* AppDelegate.swift */; };
		23FE10302BCE3A4A00EAAED1 /* SceneDelegate.swift in Sources */ = {isa = PBXBuildFile; fileRef = 23FE102F2BCE3A4A00EAAED1 /* SceneDelegate.swift */; };
		23FE10352BCE3A4A00EAAED1 /* Main.storyboard in Resources */ = {isa = PBXBuildFile; fileRef = 23FE10332BCE3A4A00EAAED1 /* Main.storyboard */; };
		23FE10372BCE3A5100EAAED1 /* Assets.xcassets in Resources */ = {isa = PBXBuildFile; fileRef = 23FE10362BCE3A5100EAAED1 /* Assets.xcassets */; };
		23FE103A2BCE3A5100EAAED1 /* LaunchScreen.storyboard in Resources */ = {isa = PBXBuildFile; fileRef = 23FE10382BCE3A5100EAAED1 /* LaunchScreen.storyboard */; };
/* End PBXBuildFile section */

/* Begin PBXFileReference section */
		235530F42BD37735004A794C /* ViewController.swift */ = {isa = PBXFileReference; lastKnownFileType = sourcecode.swift; path = ViewController.swift; sourceTree = "<group>"; };
		235530F62BD39951004A794C /* ProductCell.swift */ = {isa = PBXFileReference; lastKnownFileType = sourcecode.swift; path = ProductCell.swift; sourceTree = "<group>"; };
		23742F802BCE62E100BAF803 /* LoginViewController.swift */ = {isa = PBXFileReference; lastKnownFileType = sourcecode.swift; path = LoginViewController.swift; sourceTree = "<group>"; };
		23767EF32BD71D2900F14354 /* Product.swift */ = {isa = PBXFileReference; lastKnownFileType = sourcecode.swift; path = Product.swift; sourceTree = "<group>"; };
		23767EF82BD78C6400F14354 /* DetailViewController.swift */ = {isa = PBXFileReference; lastKnownFileType = sourcecode.swift; path = DetailViewController.swift; sourceTree = "<group>"; };
		23FE102A2BCE3A4A00EAAED1 /* App-EcoMarket.app */ = {isa = PBXFileReference; explicitFileType = wrapper.application; includeInIndex = 0; path = "App-EcoMarket.app"; sourceTree = BUILT_PRODUCTS_DIR; };
		23FE102D2BCE3A4A00EAAED1 /* AppDelegate.swift */ = {isa = PBXFileReference; lastKnownFileType = sourcecode.swift; path = AppDelegate.swift; sourceTree = "<group>"; };
		23FE102F2BCE3A4A00EAAED1 /* SceneDelegate.swift */ = {isa = PBXFileReference; lastKnownFileType = sourcecode.swift; path = SceneDelegate.swift; sourceTree = "<group>"; };
		23FE10342BCE3A4A00EAAED1 /* Base */ = {isa = PBXFileReference; lastKnownFileType = file.storyboard; name = Base; path = Base.lproj/Main.storyboard; sourceTree = "<group>"; };
		23FE10362BCE3A5100EAAED1 /* Assets.xcassets */ = {isa = PBXFileReference; lastKnownFileType = folder.assetcatalog; path = Assets.xcassets; sourceTree = "<group>"; };
		23FE10392BCE3A5100EAAED1 /* Base */ = {isa = PBXFileReference; lastKnownFileType = file.storyboard; name = Base; path = Base.lproj/LaunchScreen.storyboard; sourceTree = "<group>"; };
		23FE103B2BCE3A5100EAAED1 /* Info.plist */ = {isa = PBXFileReference; lastKnownFileType = text.plist.xml; path = Info.plist; sourceTree = "<group>"; };
/* End PBXFileReference section */

/* Begin PBXFrameworksBuildPhase section */
		23FE10272BCE3A4A00EAAED1 /* Frameworks */ = {
			isa = PBXFrameworksBuildPhase;
			buildActionMask = 2147483647;
			files = (
				23767EF72BD777CF00F14354 /* Nuke in Frameworks */,
			);
			runOnlyForDeploymentPostprocessing = 0;
		};
/* End PBXFrameworksBuildPhase section */

/* Begin PBXGroup section */
		23FE10212BCE3A4900EAAED1 = {
			isa = PBXGroup;
			children = (
				23FE102C2BCE3A4A00EAAED1 /* EcoMarket */,
				23FE102B2BCE3A4A00EAAED1 /* Products */,
			);
			sourceTree = "<group>";
		};
		23FE102B2BCE3A4A00EAAED1 /* Products */ = {
			isa = PBXGroup;
			children = (
				23FE102A2BCE3A4A00EAAED1 /* App-EcoMarket.app */,
			);
			name = Products;
			sourceTree = "<group>";
		};
		23FE102C2BCE3A4A00EAAED1 /* EcoMarket */ = {
			isa = PBXGroup;
			children = (
				23742F802BCE62E100BAF803 /* LoginViewController.swift */,
				235530F42BD37735004A794C /* ViewController.swift */,
				23767EF82BD78C6400F14354 /* DetailViewController.swift */,
				23FE102D2BCE3A4A00EAAED1 /* AppDelegate.swift */,
				23FE102F2BCE3A4A00EAAED1 /* SceneDelegate.swift */,
				23FE10332BCE3A4A00EAAED1 /* Main.storyboard */,
				235530F62BD39951004A794C /* ProductCell.swift */,
				23767EF32BD71D2900F14354 /* Product.swift */,
				23FE10362BCE3A5100EAAED1 /* Assets.xcassets */,
				23FE10382BCE3A5100EAAED1 /* LaunchScreen.storyboard */,
				23FE103B2BCE3A5100EAAED1 /* Info.plist */,
			);
			path = EcoMarket;
			sourceTree = "<group>";
		};
/* End PBXGroup section */

/* Begin PBXNativeTarget section */
		23FE10292BCE3A4A00EAAED1 /* App-EcoMarket */ = {
			isa = PBXNativeTarget;
			buildConfigurationList = 23FE103E2BCE3A5100EAAED1 /* Build configuration list for PBXNativeTarget "App-EcoMarket" */;
			buildPhases = (
				23FE10262BCE3A4A00EAAED1 /* Sources */,
				23FE10272BCE3A4A00EAAED1 /* Frameworks */,
				23FE10282BCE3A4A00EAAED1 /* Resources */,
			);
			buildRules = (
			);
			dependencies = (
			);
			name = "App-EcoMarket";
			packageProductDependencies = (
				23767EF62BD777CF00F14354 /* Nuke */,
			);
			productName = EcoMarket;
			productReference = 23FE102A2BCE3A4A00EAAED1 /* App-EcoMarket.app */;
			productType = "com.apple.product-type.application";
		};
/* End PBXNativeTarget section */

/* Begin PBXProject section */
		23FE10222BCE3A4900EAAED1 /* Project object */ = {
			isa = PBXProject;
			attributes = {
				BuildIndependentTargetsInParallel = 1;
				LastSwiftUpdateCheck = 1420;
				LastUpgradeCheck = 1420;
				TargetAttributes = {
					23FE10292BCE3A4A00EAAED1 = {
						CreatedOnToolsVersion = 14.2;
					};
				};
			};
			buildConfigurationList = 23FE10252BCE3A4A00EAAED1 /* Build configuration list for PBXProject "App-EcoMarket" */;
			compatibilityVersion = "Xcode 14.0";
			developmentRegion = en;
			hasScannedForEncodings = 0;
			knownRegions = (
				en,
				Base,
			);
			mainGroup = 23FE10212BCE3A4900EAAED1;
			packageReferences = (
				23767EF52BD777CF00F14354 /* XCRemoteSwiftPackageReference "Nuke" */,
			);
			productRefGroup = 23FE102B2BCE3A4A00EAAED1 /* Products */;
			projectDirPath = "";
			projectRoot = "";
			targets = (
				23FE10292BCE3A4A00EAAED1 /* App-EcoMarket */,
			);
		};
/* End PBXProject section */

/* Begin PBXResourcesBuildPhase section */
		23FE10282BCE3A4A00EAAED1 /* Resources */ = {
			isa = PBXResourcesBuildPhase;
			buildActionMask = 2147483647;
			files = (
				23FE103A2BCE3A5100EAAED1 /* LaunchScreen.storyboard in Resources */,
				23FE10372BCE3A5100EAAED1 /* Assets.xcassets in Resources */,
				23FE10352BCE3A4A00EAAED1 /* Main.storyboard in Resources */,
			);
			runOnlyForDeploymentPostprocessing = 0;
		};
/* End PBXResourcesBuildPhase section */

/* Begin PBXSourcesBuildPhase section */
		23FE10262BCE3A4A00EAAED1 /* Sources */ = {
			isa = PBXSourcesBuildPhase;
			buildActionMask = 2147483647;
			files = (
				23742F812BCE62E100BAF803 /* LoginViewController.swift in Sources */,
				23FE102E2BCE3A4A00EAAED1 /* AppDelegate.swift in Sources */,
				235530F72BD39951004A794C /* ProductCell.swift in Sources */,
				235530F52BD37735004A794C /* ViewController.swift in Sources */,
				23FE10302BCE3A4A00EAAED1 /* SceneDelegate.swift in Sources */,
				23767EF42BD71D2900F14354 /* Product.swift in Sources */,
				23767EF92BD78C6400F14354 /* DetailViewController.swift in Sources */,
			);
			runOnlyForDeploymentPostprocessing = 0;
		};
/* End PBXSourcesBuildPhase section */

/* Begin PBXVariantGroup section */
		23FE10332BCE3A4A00EAAED1 /* Main.storyboard */ = {
			isa = PBXVariantGroup;
			children = (
				23FE10342BCE3A4A00EAAED1 /* Base */,
			);
			name = Main.storyboard;
			sourceTree = "<group>";
		};
		23FE10382BCE3A5100EAAED1 /* LaunchScreen.storyboard */ = {
			isa = PBXVariantGroup;
			children = (
				23FE10392BCE3A5100EAAED1 /* Base */,
			);
			name = LaunchScreen.storyboard;
			sourceTree = "<group>";
		};
/* End PBXVariantGroup section */

/* Begin XCBuildConfiguration section */
		23FE103C2BCE3A5100EAAED1 /* Debug */ = {
			isa = XCBuildConfiguration;
			buildSettings = {
				ALWAYS_SEARCH_USER_PATHS = NO;
				CLANG_ANALYZER_NONNULL = YES;
				CLANG_ANALYZER_NUMBER_OBJECT_CONVERSION = YES_AGGRESSIVE;
				CLANG_CXX_LANGUAGE_STANDARD = "gnu++20";
				CLANG_ENABLE_MODULES = YES;
				CLANG_ENABLE_OBJC_ARC = YES;
				CLANG_ENABLE_OBJC_WEAK = YES;
				CLANG_WARN_BLOCK_CAPTURE_AUTORELEASING = YES;
				CLANG_WARN_BOOL_CONVERSION = YES;
				CLANG_WARN_COMMA = YES;
				CLANG_WARN_CONSTANT_CONVERSION = YES;
				CLANG_WARN_DEPRECATED_OBJC_IMPLEMENTATIONS = YES;
				CLANG_WARN_DIRECT_OBJC_ISA_USAGE = YES_ERROR;
				CLANG_WARN_DOCUMENTATION_COMMENTS = YES;
				CLANG_WARN_EMPTY_BODY = YES;
				CLANG_WARN_ENUM_CONVERSION = YES;
				CLANG_WARN_INFINITE_RECURSION = YES;
				CLANG_WARN_INT_CONVERSION = YES;
				CLANG_WARN_NON_LITERAL_NULL_CONVERSION = YES;
				CLANG_WARN_OBJC_IMPLICIT_RETAIN_SELF = YES;
				CLANG_WARN_OBJC_LITERAL_CONVERSION = YES;
				CLANG_WARN_OBJC_ROOT_CLASS = YES_ERROR;
				CLANG_WARN_QUOTED_INCLUDE_IN_FRAMEWORK_HEADER = YES;
				CLANG_WARN_RANGE_LOOP_ANALYSIS = YES;
				CLANG_WARN_STRICT_PROTOTYPES = YES;
				CLANG_WARN_SUSPICIOUS_MOVE = YES;
				CLANG_WARN_UNGUARDED_AVAILABILITY = YES_AGGRESSIVE;
				CLANG_WARN_UNREACHABLE_CODE = YES;
				CLANG_WARN__DUPLICATE_METHOD_MATCH = YES;
				COPY_PHASE_STRIP = NO;
				DEBUG_INFORMATION_FORMAT = dwarf;
				ENABLE_STRICT_OBJC_MSGSEND = YES;
				ENABLE_TESTABILITY = YES;
				GCC_C_LANGUAGE_STANDARD = gnu11;
				GCC_DYNAMIC_NO_PIC = NO;
				GCC_NO_COMMON_BLOCKS = YES;
				GCC_OPTIMIZATION_LEVEL = 0;
				GCC_PREPROCESSOR_DEFINITIONS = (
					"DEBUG=1",
					"$(inherited)",
				);
				GCC_WARN_64_TO_32_BIT_CONVERSION = YES;
				GCC_WARN_ABOUT_RETURN_TYPE = YES_ERROR;
				GCC_WARN_UNDECLARED_SELECTOR = YES;
				GCC_WARN_UNINITIALIZED_AUTOS = YES_AGGRESSIVE;
				GCC_WARN_UNUSED_FUNCTION = YES;
				GCC_WARN_UNUSED_VARIABLE = YES;
				IPHONEOS_DEPLOYMENT_TARGET = 16.2;
				MTL_ENABLE_DEBUG_INFO = INCLUDE_SOURCE;
				MTL_FAST_MATH = YES;
				ONLY_ACTIVE_ARCH = YES;
				SDKROOT = iphoneos;
				SWIFT_ACTIVE_COMPILATION_CONDITIONS = DEBUG;
				SWIFT_OPTIMIZATION_LEVEL = "-Onone";
			};
			name = Debug;
		};
		23FE103D2BCE3A5100EAAED1 /* Release */ = {
			isa = XCBuildConfiguration;
			buildSettings = {
				ALWAYS_SEARCH_USER_PATHS = NO;
				CLANG_ANALYZER_NONNULL = YES;
				CLANG_ANALYZER_NUMBER_OBJECT_CONVERSION = YES_AGGRESSIVE;
				CLANG_CXX_LANGUAGE_STANDARD = "gnu++20";
				CLANG_ENABLE_MODULES = YES;
				CLANG_ENABLE_OBJC_ARC = YES;
				CLANG_ENABLE_OBJC_WEAK = YES;
				CLANG_WARN_BLOCK_CAPTURE_AUTORELEASING = YES;
				CLANG_WARN_BOOL_CONVERSION = YES;
				CLANG_WARN_COMMA = YES;
				CLANG_WARN_CONSTANT_CONVERSION = YES;
				CLANG_WARN_DEPRECATED_OBJC_IMPLEMENTATIONS = YES;
				CLANG_WARN_DIRECT_OBJC_ISA_USAGE = YES_ERROR;
				CLANG_WARN_DOCUMENTATION_COMMENTS = YES;
				CLANG_WARN_EMPTY_BODY = YES;
				CLANG_WARN_ENUM_CONVERSION = YES;
				CLANG_WARN_INFINITE_RECURSION = YES;
				CLANG_WARN_INT_CONVERSION = YES;
				CLANG_WARN_NON_LITERAL_NULL_CONVERSION = YES;
				CLANG_WARN_OBJC_IMPLICIT_RETAIN_SELF = YES;
				CLANG_WARN_OBJC_LITERAL_CONVERSION = YES;
				CLANG_WARN_OBJC_ROOT_CLASS = YES_ERROR;
				CLANG_WARN_QUOTED_INCLUDE_IN_FRAMEWORK_HEADER = YES;
				CLANG_WARN_RANGE_LOOP_ANALYSIS = YES;
				CLANG_WARN_STRICT_PROTOTYPES = YES;
				CLANG_WARN_SUSPICIOUS_MOVE = YES;
				CLANG_WARN_UNGUARDED_AVAILABILITY = YES_AGGRESSIVE;
				CLANG_WARN_UNREACHABLE_CODE = YES;
				CLANG_WARN__DUPLICATE_METHOD_MATCH = YES;
				COPY_PHASE_STRIP = NO;
				DEBUG_INFORMATION_FORMAT = "dwarf-with-dsym";
				ENABLE_NS_ASSERTIONS = NO;
				ENABLE_STRICT_OBJC_MSGSEND = YES;
				GCC_C_LANGUAGE_STANDARD = gnu11;
				GCC_NO_COMMON_BLOCKS = YES;
				GCC_WARN_64_TO_32_BIT_CONVERSION = YES;
				GCC_WARN_ABOUT_RETURN_TYPE = YES_ERROR;
				GCC_WARN_UNDECLARED_SELECTOR = YES;
				GCC_WARN_UNINITIALIZED_AUTOS = YES_AGGRESSIVE;
				GCC_WARN_UNUSED_FUNCTION = YES;
				GCC_WARN_UNUSED_VARIABLE = YES;
				IPHONEOS_DEPLOYMENT_TARGET = 16.2;
				MTL_ENABLE_DEBUG_INFO = NO;
				MTL_FAST_MATH = YES;
				SDKROOT = iphoneos;
				SWIFT_COMPILATION_MODE = wholemodule;
				SWIFT_OPTIMIZATION_LEVEL = "-O";
				VALIDATE_PRODUCT = YES;
			};
			name = Release;
		};
		23FE103F2BCE3A5100EAAED1 /* Debug */ = {
			isa = XCBuildConfiguration;
			buildSettings = {
				ASSETCATALOG_COMPILER_APPICON_NAME = AppIcon;
				ASSETCATALOG_COMPILER_GLOBAL_ACCENT_COLOR_NAME = AccentColor;
				CODE_SIGN_STYLE = Automatic;
				CURRENT_PROJECT_VERSION = 1;
				DEVELOPMENT_TEAM = ASKP7CBP32;
				GENERATE_INFOPLIST_FILE = YES;
				INFOPLIST_FILE = EcoMarket/Info.plist;
				INFOPLIST_KEY_UIApplicationSupportsIndirectInputEvents = YES;
				INFOPLIST_KEY_UILaunchStoryboardName = LaunchScreen;
				INFOPLIST_KEY_UIMainStoryboardFile = Main;
				INFOPLIST_KEY_UISupportedInterfaceOrientations_iPad = "UIInterfaceOrientationPortrait UIInterfaceOrientationPortraitUpsideDown UIInterfaceOrientationLandscapeLeft UIInterfaceOrientationLandscapeRight";
				INFOPLIST_KEY_UISupportedInterfaceOrientations_iPhone = "UIInterfaceOrientationPortrait UIInterfaceOrientationLandscapeLeft UIInterfaceOrientationLandscapeRight";
				LD_RUNPATH_SEARCH_PATHS = (
					"$(inherited)",
					"@executable_path/Frameworks",
				);
				MARKETING_VERSION = 1.0;
				PRODUCT_BUNDLE_IDENTIFIER = com.ivettefernandez.EcoMarket;
				PRODUCT_NAME = "$(TARGET_NAME)";
				SWIFT_EMIT_LOC_STRINGS = YES;
				SWIFT_VERSION = 5.0;
				TARGETED_DEVICE_FAMILY = "1,2";
			};
			name = Debug;
		};
		23FE10402BCE3A5100EAAED1 /* Release */ = {
			isa = XCBuildConfiguration;
			buildSettings = {
				ASSETCATALOG_COMPILER_APPICON_NAME = AppIcon;
				ASSETCATALOG_COMPILER_GLOBAL_ACCENT_COLOR_NAME = AccentColor;
				CODE_SIGN_STYLE = Automatic;
				CURRENT_PROJECT_VERSION = 1;
				DEVELOPMENT_TEAM = ASKP7CBP32;
				GENERATE_INFOPLIST_FILE = YES;
				INFOPLIST_FILE = EcoMarket/Info.plist;
				INFOPLIST_KEY_UIApplicationSupportsIndirectInputEvents = YES;
				INFOPLIST_KEY_UILaunchStoryboardName = LaunchScreen;
				INFOPLIST_KEY_UIMainStoryboardFile = Main;
				INFOPLIST_KEY_UISupportedInterfaceOrientations_iPad = "UIInterfaceOrientationPortrait UIInterfaceOrientationPortraitUpsideDown UIInterfaceOrientationLandscapeLeft UIInterfaceOrientationLandscapeRight";
				INFOPLIST_KEY_UISupportedInterfaceOrientations_iPhone = "UIInterfaceOrientationPortrait UIInterfaceOrientationLandscapeLeft UIInterfaceOrientationLandscapeRight";
				LD_RUNPATH_SEARCH_PATHS = (
					"$(inherited)",
					"@executable_path/Frameworks",
				);
				MARKETING_VERSION = 1.0;
				PRODUCT_BUNDLE_IDENTIFIER = com.ivettefernandez.EcoMarket;
				PRODUCT_NAME = "$(TARGET_NAME)";
				SWIFT_EMIT_LOC_STRINGS = YES;
				SWIFT_VERSION = 5.0;
				TARGETED_DEVICE_FAMILY = "1,2";
			};
			name = Release;
		};
/* End XCBuildConfiguration section */

/* Begin XCConfigurationList section */
		23FE10252BCE3A4A00EAAED1 /* Build configuration list for PBXProject "App-EcoMarket" */ = {
			isa = XCConfigurationList;
			buildConfigurations = (
				23FE103C2BCE3A5100EAAED1 /* Debug */,
				23FE103D2BCE3A5100EAAED1 /* Release */,
			);
			defaultConfigurationIsVisible = 0;
			defaultConfigurationName = Release;
		};
		23FE103E2BCE3A5100EAAED1 /* Build configuration list for PBXNativeTarget "App-EcoMarket" */ = {
			isa = XCConfigurationList;
			buildConfigurations = (
				23FE103F2BCE3A5100EAAED1 /* Debug */,
				23FE10402BCE3A5100EAAED1 /* Release */,
			);
			defaultConfigurationIsVisible = 0;
			defaultConfigurationName = Release;
		};
/* End XCConfigurationList section */

/* Begin XCRemoteSwiftPackageReference section */
		23767EF52BD777CF00F14354 /* XCRemoteSwiftPackageReference "Nuke" */ = {
			isa = XCRemoteSwiftPackageReference;
			repositoryURL = "https://github.com/kean/Nuke.git";
			requirement = {
				kind = upToNextMajorVersion;
				minimumVersion = 9.0.0;
			};
		};
/* End XCRemoteSwiftPackageReference section */

/* Begin XCSwiftPackageProductDependency section */
		23767EF62BD777CF00F14354 /* Nuke */ = {
			isa = XCSwiftPackageProductDependency;
			package = 23767EF52BD777CF00F14354 /* XCRemoteSwiftPackageReference "Nuke" */;
			productName = Nuke;
		};
/* End XCSwiftPackageProductDependency section */
	};
	rootObject = 23FE10222BCE3A4900EAAED1 /* Project object */;
}
